
Microsoft Visual Studio Solution File, Format Version 12.00
# Visual Studio Version 17
VisualStudioVersion = 17.9.34723.18
MinimumVisualStudioVersion = 10.0.40219.1
Project("{FAE04EC0-301F-11D3-BF4B-00C04F79EFBC}") = "Phoneworld", "Phoneworld\Phoneworld.csproj", "{3F64DFFC-FD6F-4613-8AB3-0D17F30066AA}"
EndProject
Global
	GlobalSection(SolutionConfigurationPlatforms) = preSolution
		Debug|Any CPU = Debug|Any CPU
		Release|Any CPU = Release|Any CPU
	EndGlobalSection
	GlobalSection(ProjectConfigurationPlatforms) = postSolution
		{3F64DFFC-FD6F-4613-8AB3-0D17F30066AA}.Debug|Any CPU.ActiveCfg = Debug|Any CPU
		{3F64DFFC-FD6F-4613-8AB3-0D17F30066AA}.Debug|Any CPU.Build.0 = Debug|Any CPU
		{3F64DFFC-FD6F-4613-8AB3-0D17F30066AA}.Debug|Any CPU.Deploy.0 = Debug|Any CPU
		{3F64DFFC-FD6F-4613-8AB3-0D17F30066AA}.Release|Any CPU.ActiveCfg = Release|Any CPU
		{3F64DFFC-FD6F-4613-8AB3-0D17F30066AA}.Release|Any CPU.Build.0 = Release|Any CPU
		{3F64DFFC-FD6F-4613-8AB3-0D17F30066AA}.Release|Any CPU.Deploy.0 = Release|Any CPU
	EndGlobalSection
	GlobalSection(SolutionProperties) = preSolution
		HideSolutionNode = FALSE
	EndGlobalSection
	GlobalSection(ExtensibilityGlobals) = postSolution
		SolutionGuid = {820092B8-8BB6-4200-B7F1-8C190E8A92C8}
	EndGlobalSection
EndGlobal
